
Microsoft Visual Studio Solution File, Format Version 12.00
# Visual Studio Version 16
VisualStudioVersion = 16.0.30330.147
MinimumVisualStudioVersion = 10.0.40219.1
Project("{F2A71F9B-5D33-465A-A702-920D77279786}") = "gentest", "gentest.fsproj", "{C32F1961-B3B6-4CE8-A9DE-1F83BBC57EA2}"
EndProject
Global
	GlobalSection(SolutionConfigurationPlatforms) = preSolution
		Debug|Any CPU = Debug|Any CPU
		Release|Any CPU = Release|Any CPU
	EndGlobalSection
	GlobalSection(ProjectConfigurationPlatforms) = postSolution
		{C32F1961-B3B6-4CE8-A9DE-1F83BBC57EA2}.Debug|Any CPU.ActiveCfg = Debug|Any CPU
		{C32F1961-B3B6-4CE8-A9DE-1F83BBC57EA2}.Debug|Any CPU.Build.0 = Debug|Any CPU
		{C32F1961-B3B6-4CE8-A9DE-1F83BBC57EA2}.Release|Any CPU.ActiveCfg = Release|Any CPU
		{C32F1961-B3B6-4CE8-A9DE-1F83BBC57EA2}.Release|Any CPU.Build.0 = Release|Any CPU
	EndGlobalSection
	GlobalSection(SolutionProperties) = preSolution
		HideSolutionNode = FALSE
	EndGlobalSection
	GlobalSection(ExtensibilityGlobals) = postSolution
		SolutionGuid = {964FBFC7-8104-43A6-883E-CC3938AF74A5}
	EndGlobalSection
EndGlobal
